{
  "version": 4,
  "terraform_version": "1.4.6",
  "serial": 159,
  "lineage": "f7c9ab44-a324-74b8-2268-4f742dfcdff4",
  "outputs": {
    "bastion_host": {
      "value": "ssh -i key.pem ubuntu@3.17.75.183",
      "type": "string"
    }
  },
  "resources": [
    {
      "mode": "data",
      "type": "aws_ami",
      "name": "ubuntu",
      "provider": "provider[\"registry.terraform.io/hashicorp/aws\"]",
      "instances": [
        {
          "schema_version": 0,
          "attributes": {
            "architecture": "x86_64",
            "arn": "arn:aws:ec2:us-east-2::image/ami-0a14db46282743a66",
            "block_device_mappings": [
              {
                "device_name": "/dev/sda1",
                "ebs": {
                  "delete_on_termination": "true",
                  "encrypted": "false",
                  "iops": "0",
                  "snapshot_id": "snap-0f3406f66003547d8",
                  "throughput": "0",
                  "volume_size": "8",
                  "volume_type": "gp2"
                },
                "no_device": "",
                "virtual_name": ""
              },
              {
                "device_name": "/dev/sdb",
                "ebs": {},
                "no_device": "",
                "virtual_name": "ephemeral0"
              },
              {
                "device_name": "/dev/sdc",
                "ebs": {},
                "no_device": "",
                "virtual_name": "ephemeral1"
              }
            ],
            "boot_mode": "legacy-bios",
            "creation_date": "2023-05-02T23:09:05.000Z",
            "deprecation_time": "2025-05-02T23:09:05.000Z",
            "description": "Canonical, Ubuntu, 20.04 LTS, amd64 focal image build on 2023-05-02",
            "ena_support": true,
            "executable_users": null,
            "filter": [
              {
                "name": "name",
                "values": [
                  "ubuntu/images/hvm-ssd/ubuntu-focal-20.04-amd64-server-*"
                ]
              },
              {
                "name": "virtualization-type",
                "values": [
                  "hvm"
                ]
              }
            ],
            "hypervisor": "xen",
            "id": "ami-0a14db46282743a66",
            "image_id": "ami-0a14db46282743a66",
            "image_location": "amazon/ubuntu/images/hvm-ssd/ubuntu-focal-20.04-amd64-server-20230502",
            "image_owner_alias": "amazon",
            "image_type": "machine",
            "imds_support": "",
            "include_deprecated": false,
            "kernel_id": "",
            "most_recent": true,
            "name": "ubuntu/images/hvm-ssd/ubuntu-focal-20.04-amd64-server-20230502",
            "name_regex": null,
            "owner_id": "099720109477",
            "owners": [
              "099720109477"
            ],
            "platform": "",
            "platform_details": "Linux/UNIX",
            "product_codes": [],
            "public": true,
            "ramdisk_id": "",
            "root_device_name": "/dev/sda1",
            "root_device_type": "ebs",
            "root_snapshot_id": "snap-0f3406f66003547d8",
            "sriov_net_support": "simple",
            "state": "available",
            "state_reason": {
              "code": "UNSET",
              "message": "UNSET"
            },
            "tags": {},
            "timeouts": null,
            "tpm_support": "",
            "usage_operation": "RunInstances",
            "virtualization_type": "hvm"
          },
          "sensitive_attributes": []
        }
      ]
    },
    {
      "mode": "managed",
      "type": "aws_key_pair",
      "name": "ec2_key",
      "provider": "provider[\"registry.terraform.io/hashicorp/aws\"]",
      "instances": [
        {
          "schema_version": 1,
          "attributes": {
            "arn": "arn:aws:ec2:us-east-2:367816904393:key-pair/bastionkey",
            "fingerprint": "49:db:ee:04:0a:a3:10:3e:75:c7:ed:73:c4:a7:03:7e",
            "id": "bastionkey",
            "key_name": "bastionkey",
            "key_name_prefix": "",
            "key_pair_id": "key-0adb54d199cd19a8f",
            "key_type": "rsa",
            "public_key": "ssh-rsa AAAAB3NzaC1yc2EAAAADAQABAAACAQCydLm7XjPxxl2rSy7sGpLkgbrrJmUwmokIXETxpizVDprRO2NLUMORSchDnR9HJpx5IIStBSsWD/Q3u0LJUepvXAcXFGxd8c0hEeLejDJh5nelxqY5zyrs3bPHkVaSaJq7ZtPeZYJBz/TeIU1DeXI5m52WqMTvW4NIhj9QmlFjtNNcwolVwgwRrJlx7AAgpVmTuA1+i3/oSq1sgqVXVuQE8/mrU6eAqTq5YkOa3s8YW6M9kmNBpt72GOOu9fX4lCR5SJxbwZn7AnZxfQQfvQH+XdZ3/ZLNlNpQpnPc/ahnfUnI/T802gXM8/AtBBlO6g0EE8MzFQslr3XXC9u73g99G4N2m8dIPIv2+He/cG7OAZLVH1ZMVJU1FhcqmxqRX7289yjZ97ZxKTzMo+nZf8bLdvHzjP0pfYnDubXukt/GnfZM24Y0VCjYt04VeM0kJLtMFtgm7icHif5wXkqvCkIrn3fhxTI4PGTZspHI2Yj4vk+nWzVC/R6Sd7D9phvRgvRdMR+xbhM9a1I9MxCT7wIYnWALwESpdjL73L9CUw7j8IJw4SZwBpgHclOJdttlpjrfTYeekQikIYeArEM8SYyU5ZHMZL5p/Omb+KpiaTphJqeHUbJs5KpSL8pXUOgH1mCnrYp8UQiLJdKgYeZZx4Wl8GZ0SVuz+brLG+CdXI+cww==",
            "tags": {},
            "tags_all": {}
          },
          "sensitive_attributes": [],
          "private": "eyJzY2hlbWFfdmVyc2lvbiI6IjEifQ==",
          "dependencies": [
            "tls_private_key.privateKey"
          ],
          "create_before_destroy": true
        }
      ]
    },
    {
      "mode": "managed",
      "type": "local_file",
      "name": "key_file",
      "provider": "provider[\"registry.terraform.io/hashicorp/local\"]",
      "instances": [
        {
          "schema_version": 0,
          "attributes": {
            "content": "-----BEGIN RSA PRIVATE KEY-----\nMIIJJwIBAAKCAgEAsnS5u14z8cZdq0su7BqS5IG66yZlMJqJCFxE8aYs1Q6a0Ttj\nS1DDkUnIQ50fRyaceSCErQUrFg/0N7tCyVHqb1wHFxRsXfHNIRHi3owyYeZ3pcam\nOc8q7N2zx5FWkmiau2bT3mWCQc/03iFNQ3lyOZudlqjE71uDSIY/UJpRY7TTXMKJ\nVcIMEayZcewAIKVZk7gNfot/6EqtbIKlV1bkBPP5q1OngKk6uWJDmt7PGFujPZJj\nQabe9hjjrvX1+JQkeUicW8GZ+wJ2cX0EH70B/l3Wd/2SzZTaUKZz3P2oZ31JyP0/\nNNoFzPPwLQQZTuoNBBPDMxULJa911wvbu94PfRuDdpvHSDyL9vh3v3BuzgGS1R9W\nTFSVNRYXKpsakV+9vPco2fe2cSk8zKPp2X/Gy3bx84z9KX2Jw7m17pLfxp32TNuG\nNFQo2LdOFXjNJCS7TBbYJu4nB4n+cF5KrwpCK5934cUyODxk2bKRyNmI+L5Pp1s1\nQv0eknew/aYb0YL0XTEfsW4TPWtSPTMQk+8CGJ1gC8BEqXYy+9y/QlMO4/CCcOEm\ncAaYB3JTiXbbZaY6302HnpEIpCGHgKxDPEmMlOWRzGS+afzpm/iqYmk6YSanh1Gy\nbOSqUi/KV1DoB9Zgp62KfFEIiyXSoGHmWceFpfBmdElbs/m6yxvgnVyPnMMCAwEA\nAQKCAgBatIe/G8etSVVM/p7v9SXarbHzWgWu6a1jKXsFlKBO/uhkFxqGKpvs2iLH\nczJ1uMNpscSeKPVYdm18clsk9tUBGzajXYcjTQclmvDEi2AEcN85zLmqwokf8iQx\n+MaXDkIvpLll3hSSHQBqc2TROgZ8D4PPEyNeQhZ9o3bFIlriIgQYruydQU9fIGqy\nA/GgpkrckX2SZ5dw25xAfjtKJGkrt1Kc6Z1HAT1PAwo3yq5axCE555E5ynajgc0g\nnfYTDkFnwCdxX/tDIWJQlumktC4yO0IKpUGb6t/4hFJ57hhN2dnKJiadV4ABR7A5\nQU8X1FEfVGgwK68JzaBI2McsO1eFN0h/uDBfAUaqx6LeX+yFjNzNsSas1rM+DlVt\nwPa/YP9bE4g7V5nMed7dp+xpNDPQp2BYdwEBIvaXX5Qa2siy/yIyOiM3mD+RKdgp\ngLKUY3S0CKxkrtb202nWOelJezXZmHLMgp83nr4e82YY9LZ2bOQsbWp8K8DXqYQM\n8xpjMo9EsYOm3VbGtes1UVElrW2gKTu3m6U0HgHqRS+yLx/pf5D5w+Bt17ovJrSR\ngUyDzfjdelGC4XkzFxXB794gYbBbZcnpksODZsDNr62i5/GR3M1pIFsGwX6BHac7\n4PyVR5gJBQfaBkAQpghNoDeCwsPtg10bGntlaSInhW4JRe2p2QKCAQEA2axUK8Z+\ni4ANgGejTDzTuXNXfemxL932HBB72GqOLI1H3sNqJGpy2pQ5K3ONlpbrv2sZuUxg\nAo3fJPvZjQTHpkBsI+L91lavdLmcw5AuoqDP1t1ONH3suB+mjw/DTnDY3QWDFfd1\nwMVbd24XHXxijDr4j2o5sR1ALGf/UUPUD0KJ1j8qeCoG9HRjGFzlBZ9brqkIBKKC\nk3Ghgg/z1K04+nklSy5BGXVLYCn92VkL/yHJC+BZzRlOiHZ0lh3YNVuzSDnU8UN8\nGHLzK+CodoZDq2HzE/Qyp7aVDmi/N7hKJ09ae00Pwvu/6N4kP1SxszjKw7M2t/KX\n6NBGOLTruSudTwKCAQEA0eCr+SyzBeqI8umpOhlEKe7a2BX8nnSkBD5eWv7j5npp\nOPyQ9RRl/3HuO9lLruz9u86xYJYkPA1nnn+r8dbNMytCDBQcGNwiIf4QE2NkTAug\nTkVd4k9eK2ej+jmA9cbJ1rGwKMHDSkdWz1TwH8LBITzvZoy0ixHDtXE6tmOC+V/M\n0QyHiXvmGGqwLYL1nki6GQXH6LFgxMhvv7jBqim+8kw1EciNi28mJmBar1ikYR6b\n7jc/k/ik+cMmft0IiOhFd3YNGkcrJBpHz0aHWDaKk7lNdndK7xWMe3DYVjvXz9+B\nN22rxaqtqjcUT/bPBJA8xhVSjTflDzSlH0Gu8t70TQKCAQBxDm+dWPhrDjR1B98p\n/sHdJYpAzLsJ6JgmVW1tp1J2016L1iVwCpXi72+OIPNeTr7dagwvUPrg+Lz4oZKK\nCvyDXhyMux4qUFXLI4jHjkCamTm6GLHA09K6gz3oOkCvoi8RBQbjxuazHA54xoZc\n+zjYKtzk6EBUvKOTLOTQWZFv55hd3er6BKIeH8FEayNMu0tMOWD/v0Rgvnkra4uy\nX9IjTf7PwJNxXJmstcKyO+zeM7cPYxRhUY6XlCbTvWaJuDoy/k6ajPmMXU/t7z6w\naOYGwtYU/BW/RDbBCCihESf6qN2PAyR3mng/w/lBp4SwWIQABzoZanf6JQsD8vwn\n7f5DAoIBAAXHx1TEi2W1UPJHxzZnbb4t6u8ao+uFUOMhCJ4++O3nHzDHnAJz/l8r\ntyEE2hXGRzK9/ZqoZ/UTdXAjGgw+G0a2gUot35w7q+D9y1mNWjzR8SdWt8A86V4O\nq7B/lvKt9+8m07A7rfJExrpNH5PwXDtbH0jWxT4zTg2YQcK2OOw/XDfBvZXmyK6R\neaq3OaaTYDTCOQBKqlyhHJrOLt9N6QlpWejUejmF5SoXa0f7DAP0wNytvt2HcpvC\naTQDSHHk28zvfmrj3OdQpfuqeJ3QWr640s5ZeMHe+RCJShwN5+K8yCVLqvh1u/S9\nMZ0GMitxAYt/GNf02yUxEP8sYvIje90CggEAOexShAebW5s5OhDGtYto9Ptg5sfa\n35bYiRCguFXoV6Rj+QYo723bxTGKp0CHLAD7krxfSGJrFn39Ht6G4rUAyfDIg8H4\nkXp02Ng5Fq6FEddev9KLne3XCUrL42OrOBPC1xHkBiS0COLGPXcjyaJhpl9UMUBw\nIdvLbVPYVn2WfUX1620m7cbQHQJWaF9SLW8VYM7HPTAEhugjk2RrN3GfEsXC4njx\nVPdUsH/IHq3t3oHgznHc2vF8DILa2gPNIAU3GBymhmwDFrNkM2LFCtVGHmbAK2Jh\ncna3YExQSFVYtVv9qZ6I3h9cDY45cYiMR8hHSVLJZtq+dRmc5q5WYYLeEw==\n-----END RSA PRIVATE KEY-----\n",
            "content_base64": null,
            "content_base64sha256": "7bRgwGuUA3BBppn/Z/0RMfajK9BAsvr1DkoPHCO4qu4=",
            "content_base64sha512": "ToPgW8rg+XNryHU2Q6hO5+3iCOjcLNTUECp/NrEMqd3Uck5sbrISEr0clJF6/2Vr4+8Vzkkarg9FKSkzG5O4wg==",
            "content_md5": "51f1dcc46fdbc8216a5977055a64f36e",
            "content_sha1": "f4b53cca5d51f0685c13f7721e420e63aad8e8f9",
            "content_sha256": "edb460c06b94037041a699ff67fd1131f6a32bd040b2faf50e4a0f1c23b8aaee",
            "content_sha512": "4e83e05bcae0f9736bc8753643a84ee7ede208e8dc2cd4d4102a7f36b10ca9ddd4724e6c6eb21212bd1c94917aff656be3ef15ce491aae0f452929331b93b8c2",
            "directory_permission": "0777",
            "file_permission": "0400",
            "filename": "key.pem",
            "id": "f4b53cca5d51f0685c13f7721e420e63aad8e8f9",
            "sensitive_content": null,
            "source": null
          },
          "sensitive_attributes": [
            [
              {
                "type": "get_attr",
                "value": "content"
              }
            ]
          ],
          "dependencies": [
            "tls_private_key.privateKey"
          ]
        }
      ]
    },
    {
      "mode": "managed",
      "type": "tls_private_key",
      "name": "privateKey",
      "provider": "provider[\"registry.terraform.io/hashicorp/tls\"]",
      "instances": [
        {
          "schema_version": 1,
          "attributes": {
            "algorithm": "RSA",
            "ecdsa_curve": "P224",
            "id": "2d03192c1ad6c0175cda814aaacfcbd717ac3041",
            "private_key_openssh": "-----BEGIN OPENSSH PRIVATE KEY-----\nb3BlbnNzaC1rZXktdjEAAAAABG5vbmUAAAAEbm9uZQAAAAAAAAABAAACFwAAAAdz\nc2gtcnNhAAAAAwEAAQAAAgEAsnS5u14z8cZdq0su7BqS5IG66yZlMJqJCFxE8aYs\n1Q6a0TtjS1DDkUnIQ50fRyaceSCErQUrFg/0N7tCyVHqb1wHFxRsXfHNIRHi3owy\nYeZ3pcamOc8q7N2zx5FWkmiau2bT3mWCQc/03iFNQ3lyOZudlqjE71uDSIY/UJpR\nY7TTXMKJVcIMEayZcewAIKVZk7gNfot/6EqtbIKlV1bkBPP5q1OngKk6uWJDmt7P\nGFujPZJjQabe9hjjrvX1+JQkeUicW8GZ+wJ2cX0EH70B/l3Wd/2SzZTaUKZz3P2o\nZ31JyP0/NNoFzPPwLQQZTuoNBBPDMxULJa911wvbu94PfRuDdpvHSDyL9vh3v3Bu\nzgGS1R9WTFSVNRYXKpsakV+9vPco2fe2cSk8zKPp2X/Gy3bx84z9KX2Jw7m17pLf\nxp32TNuGNFQo2LdOFXjNJCS7TBbYJu4nB4n+cF5KrwpCK5934cUyODxk2bKRyNmI\n+L5Pp1s1Qv0eknew/aYb0YL0XTEfsW4TPWtSPTMQk+8CGJ1gC8BEqXYy+9y/QlMO\n4/CCcOEmcAaYB3JTiXbbZaY6302HnpEIpCGHgKxDPEmMlOWRzGS+afzpm/iqYmk6\nYSanh1GybOSqUi/KV1DoB9Zgp62KfFEIiyXSoGHmWceFpfBmdElbs/m6yxvgnVyP\nnMMAAAc4WbBwTlmwcE4AAAAHc3NoLXJzYQAAAgEAsnS5u14z8cZdq0su7BqS5IG6\n6yZlMJqJCFxE8aYs1Q6a0TtjS1DDkUnIQ50fRyaceSCErQUrFg/0N7tCyVHqb1wH\nFxRsXfHNIRHi3owyYeZ3pcamOc8q7N2zx5FWkmiau2bT3mWCQc/03iFNQ3lyOZud\nlqjE71uDSIY/UJpRY7TTXMKJVcIMEayZcewAIKVZk7gNfot/6EqtbIKlV1bkBPP5\nq1OngKk6uWJDmt7PGFujPZJjQabe9hjjrvX1+JQkeUicW8GZ+wJ2cX0EH70B/l3W\nd/2SzZTaUKZz3P2oZ31JyP0/NNoFzPPwLQQZTuoNBBPDMxULJa911wvbu94PfRuD\ndpvHSDyL9vh3v3BuzgGS1R9WTFSVNRYXKpsakV+9vPco2fe2cSk8zKPp2X/Gy3bx\n84z9KX2Jw7m17pLfxp32TNuGNFQo2LdOFXjNJCS7TBbYJu4nB4n+cF5KrwpCK593\n4cUyODxk2bKRyNmI+L5Pp1s1Qv0eknew/aYb0YL0XTEfsW4TPWtSPTMQk+8CGJ1g\nC8BEqXYy+9y/QlMO4/CCcOEmcAaYB3JTiXbbZaY6302HnpEIpCGHgKxDPEmMlOWR\nzGS+afzpm/iqYmk6YSanh1GybOSqUi/KV1DoB9Zgp62KfFEIiyXSoGHmWceFpfBm\ndElbs/m6yxvgnVyPnMMAAAADAQABAAACAFq0h78bx61JVUz+nu/1JdqtsfNaBa7p\nrWMpewWUoE7+6GQXGoYqm+zaIsdzMnW4w2mxxJ4o9Vh2bXxyWyT21QEbNqNdhyNN\nByWa8MSLYARw3znMuarCiR/yJDH4xpcOQi+kuWXeFJIdAGpzZNE6BnwPg88TI15C\nFn2jdsUiWuIiBBiu7J1BT18garID8aCmStyRfZJnl3DbnEB+O0okaSu3UpzpnUcB\nPU8DCjfKrlrEITnnkTnKdqOBzSCd9hMOQWfAJ3Ff+0MhYlCW6aS0LjI7QgqlQZvq\n3/iEUnnuGE3Z2comJp1XgAFHsDlBTxfUUR9UaDArrwnNoEjYxyw7V4U3SH+4MF8B\nRqrHot5f7IWM3M2xJqzWsz4OVW3A9r9g/1sTiDtXmcx53t2n7Gk0M9CnYFh3AQEi\n9pdflBrayLL/IjI6IzeYP5Ep2CmAspRjdLQIrGSu1vbTadY56Ul7NdmYcsyCnzee\nvh7zZhj0tnZs5CxtanwrwNephAzzGmMyj0Sxg6bdVsa16zVRUSWtbaApO7ebpTQe\nAepFL7IvH+l/kPnD4G3Xui8mtJGBTIPN+N16UYLheTMXFcHv3iBhsFtlyemSw4Nm\nwM2vraLn8ZHczWkgWwbBfoEdpzvg/JVHmAkFB9oGQBCmCE2gN4LCw+2DXRsae2Vp\nIieFbglF7anZAAABADnsUoQHm1ubOToQxrWLaPT7YObH2t+W2IkQoLhV6FekY/kG\nKO9t28UxiqdAhywA+5K8X0hiaxZ9/R7ehuK1AMnwyIPB+JF6dNjYORauhRHXXr/S\ni53t1wlKy+NjqzgTwtcR5AYktAjixj13I8miYaZfVDFAcCHby21T2FZ9ln1F9ett\nJu3G0B0CVmhfUi1vFWDOxz0wBIboI5NkazdxnxLFwuJ48VT3VLB/yB6t7d6B4M5x\n3NrxfAyC2toDzSAFNxgcpoZsAxazZDNixQrVRh5mwCtiYXJ2t2BMUEhVWLVb/ame\niN4fXA2OOXGIjEfIR0lSyWbavnUZnOauVmGC3hMAAAEBANmsVCvGfouADYBno0w8\n07lzV33psS/d9hwQe9hqjiyNR97DaiRqctqUOStzjZaW679rGblMYAKN3yT72Y0E\nx6ZAbCPi/dZWr3S5nMOQLqKgz9bdTjR97Lgfpo8Pw05w2N0FgxX3dcDFW3duFx18\nYow6+I9qObEdQCxn/1FD1A9CidY/KngqBvR0Yxhc5QWfW66pCASigpNxoYIP89St\nOPp5JUsuQRl1S2Ap/dlZC/8hyQvgWc0ZToh2dJYd2DVbs0g51PFDfBhy8yvgqHaG\nQ6th8xP0Mqe2lQ5ovze4SidPWntND8L7v+jeJD9UsbM4ysOzNrfyl+jQRji067kr\nnU8AAAEBANHgq/ksswXqiPLpqToZRCnu2tgV/J50pAQ+Xlr+4+Z6aTj8kPUUZf9x\n7jvZS67s/bvOsWCWJDwNZ55/q/HWzTMrQgwUHBjcIiH+EBNjZEwLoE5FXeJPXitn\no/o5gPXGydaxsCjBw0pHVs9U8B/CwSE872aMtIsRw7VxOrZjgvlfzNEMh4l75hhq\nsC2C9Z5IuhkFx+ixYMTIb7+4waopvvJMNRHIjYtvJiZgWq9YpGEem+43P5P4pPnD\nJn7dCIjoRXd2DRpHKyQaR89Gh1g2ipO5TXZ3Su8VjHtw2FY718/fgTdtq8Wqrao3\nFE/2zwSQPMYVUo035Q80pR9BrvLe9E0AAAAAAQID\n-----END OPENSSH PRIVATE KEY-----\n",
            "private_key_pem": "-----BEGIN RSA PRIVATE KEY-----\nMIIJJwIBAAKCAgEAsnS5u14z8cZdq0su7BqS5IG66yZlMJqJCFxE8aYs1Q6a0Ttj\nS1DDkUnIQ50fRyaceSCErQUrFg/0N7tCyVHqb1wHFxRsXfHNIRHi3owyYeZ3pcam\nOc8q7N2zx5FWkmiau2bT3mWCQc/03iFNQ3lyOZudlqjE71uDSIY/UJpRY7TTXMKJ\nVcIMEayZcewAIKVZk7gNfot/6EqtbIKlV1bkBPP5q1OngKk6uWJDmt7PGFujPZJj\nQabe9hjjrvX1+JQkeUicW8GZ+wJ2cX0EH70B/l3Wd/2SzZTaUKZz3P2oZ31JyP0/\nNNoFzPPwLQQZTuoNBBPDMxULJa911wvbu94PfRuDdpvHSDyL9vh3v3BuzgGS1R9W\nTFSVNRYXKpsakV+9vPco2fe2cSk8zKPp2X/Gy3bx84z9KX2Jw7m17pLfxp32TNuG\nNFQo2LdOFXjNJCS7TBbYJu4nB4n+cF5KrwpCK5934cUyODxk2bKRyNmI+L5Pp1s1\nQv0eknew/aYb0YL0XTEfsW4TPWtSPTMQk+8CGJ1gC8BEqXYy+9y/QlMO4/CCcOEm\ncAaYB3JTiXbbZaY6302HnpEIpCGHgKxDPEmMlOWRzGS+afzpm/iqYmk6YSanh1Gy\nbOSqUi/KV1DoB9Zgp62KfFEIiyXSoGHmWceFpfBmdElbs/m6yxvgnVyPnMMCAwEA\nAQKCAgBatIe/G8etSVVM/p7v9SXarbHzWgWu6a1jKXsFlKBO/uhkFxqGKpvs2iLH\nczJ1uMNpscSeKPVYdm18clsk9tUBGzajXYcjTQclmvDEi2AEcN85zLmqwokf8iQx\n+MaXDkIvpLll3hSSHQBqc2TROgZ8D4PPEyNeQhZ9o3bFIlriIgQYruydQU9fIGqy\nA/GgpkrckX2SZ5dw25xAfjtKJGkrt1Kc6Z1HAT1PAwo3yq5axCE555E5ynajgc0g\nnfYTDkFnwCdxX/tDIWJQlumktC4yO0IKpUGb6t/4hFJ57hhN2dnKJiadV4ABR7A5\nQU8X1FEfVGgwK68JzaBI2McsO1eFN0h/uDBfAUaqx6LeX+yFjNzNsSas1rM+DlVt\nwPa/YP9bE4g7V5nMed7dp+xpNDPQp2BYdwEBIvaXX5Qa2siy/yIyOiM3mD+RKdgp\ngLKUY3S0CKxkrtb202nWOelJezXZmHLMgp83nr4e82YY9LZ2bOQsbWp8K8DXqYQM\n8xpjMo9EsYOm3VbGtes1UVElrW2gKTu3m6U0HgHqRS+yLx/pf5D5w+Bt17ovJrSR\ngUyDzfjdelGC4XkzFxXB794gYbBbZcnpksODZsDNr62i5/GR3M1pIFsGwX6BHac7\n4PyVR5gJBQfaBkAQpghNoDeCwsPtg10bGntlaSInhW4JRe2p2QKCAQEA2axUK8Z+\ni4ANgGejTDzTuXNXfemxL932HBB72GqOLI1H3sNqJGpy2pQ5K3ONlpbrv2sZuUxg\nAo3fJPvZjQTHpkBsI+L91lavdLmcw5AuoqDP1t1ONH3suB+mjw/DTnDY3QWDFfd1\nwMVbd24XHXxijDr4j2o5sR1ALGf/UUPUD0KJ1j8qeCoG9HRjGFzlBZ9brqkIBKKC\nk3Ghgg/z1K04+nklSy5BGXVLYCn92VkL/yHJC+BZzRlOiHZ0lh3YNVuzSDnU8UN8\nGHLzK+CodoZDq2HzE/Qyp7aVDmi/N7hKJ09ae00Pwvu/6N4kP1SxszjKw7M2t/KX\n6NBGOLTruSudTwKCAQEA0eCr+SyzBeqI8umpOhlEKe7a2BX8nnSkBD5eWv7j5npp\nOPyQ9RRl/3HuO9lLruz9u86xYJYkPA1nnn+r8dbNMytCDBQcGNwiIf4QE2NkTAug\nTkVd4k9eK2ej+jmA9cbJ1rGwKMHDSkdWz1TwH8LBITzvZoy0ixHDtXE6tmOC+V/M\n0QyHiXvmGGqwLYL1nki6GQXH6LFgxMhvv7jBqim+8kw1EciNi28mJmBar1ikYR6b\n7jc/k/ik+cMmft0IiOhFd3YNGkcrJBpHz0aHWDaKk7lNdndK7xWMe3DYVjvXz9+B\nN22rxaqtqjcUT/bPBJA8xhVSjTflDzSlH0Gu8t70TQKCAQBxDm+dWPhrDjR1B98p\n/sHdJYpAzLsJ6JgmVW1tp1J2016L1iVwCpXi72+OIPNeTr7dagwvUPrg+Lz4oZKK\nCvyDXhyMux4qUFXLI4jHjkCamTm6GLHA09K6gz3oOkCvoi8RBQbjxuazHA54xoZc\n+zjYKtzk6EBUvKOTLOTQWZFv55hd3er6BKIeH8FEayNMu0tMOWD/v0Rgvnkra4uy\nX9IjTf7PwJNxXJmstcKyO+zeM7cPYxRhUY6XlCbTvWaJuDoy/k6ajPmMXU/t7z6w\naOYGwtYU/BW/RDbBCCihESf6qN2PAyR3mng/w/lBp4SwWIQABzoZanf6JQsD8vwn\n7f5DAoIBAAXHx1TEi2W1UPJHxzZnbb4t6u8ao+uFUOMhCJ4++O3nHzDHnAJz/l8r\ntyEE2hXGRzK9/ZqoZ/UTdXAjGgw+G0a2gUot35w7q+D9y1mNWjzR8SdWt8A86V4O\nq7B/lvKt9+8m07A7rfJExrpNH5PwXDtbH0jWxT4zTg2YQcK2OOw/XDfBvZXmyK6R\neaq3OaaTYDTCOQBKqlyhHJrOLt9N6QlpWejUejmF5SoXa0f7DAP0wNytvt2HcpvC\naTQDSHHk28zvfmrj3OdQpfuqeJ3QWr640s5ZeMHe+RCJShwN5+K8yCVLqvh1u/S9\nMZ0GMitxAYt/GNf02yUxEP8sYvIje90CggEAOexShAebW5s5OhDGtYto9Ptg5sfa\n35bYiRCguFXoV6Rj+QYo723bxTGKp0CHLAD7krxfSGJrFn39Ht6G4rUAyfDIg8H4\nkXp02Ng5Fq6FEddev9KLne3XCUrL42OrOBPC1xHkBiS0COLGPXcjyaJhpl9UMUBw\nIdvLbVPYVn2WfUX1620m7cbQHQJWaF9SLW8VYM7HPTAEhugjk2RrN3GfEsXC4njx\nVPdUsH/IHq3t3oHgznHc2vF8DILa2gPNIAU3GBymhmwDFrNkM2LFCtVGHmbAK2Jh\ncna3YExQSFVYtVv9qZ6I3h9cDY45cYiMR8hHSVLJZtq+dRmc5q5WYYLeEw==\n-----END RSA PRIVATE KEY-----\n",
            "private_key_pem_pkcs8": "-----BEGIN PRIVATE KEY-----\nMIIJQQIBADANBgkqhkiG9w0BAQEFAASCCSswggknAgEAAoICAQCydLm7XjPxxl2r\nSy7sGpLkgbrrJmUwmokIXETxpizVDprRO2NLUMORSchDnR9HJpx5IIStBSsWD/Q3\nu0LJUepvXAcXFGxd8c0hEeLejDJh5nelxqY5zyrs3bPHkVaSaJq7ZtPeZYJBz/Te\nIU1DeXI5m52WqMTvW4NIhj9QmlFjtNNcwolVwgwRrJlx7AAgpVmTuA1+i3/oSq1s\ngqVXVuQE8/mrU6eAqTq5YkOa3s8YW6M9kmNBpt72GOOu9fX4lCR5SJxbwZn7AnZx\nfQQfvQH+XdZ3/ZLNlNpQpnPc/ahnfUnI/T802gXM8/AtBBlO6g0EE8MzFQslr3XX\nC9u73g99G4N2m8dIPIv2+He/cG7OAZLVH1ZMVJU1FhcqmxqRX7289yjZ97ZxKTzM\no+nZf8bLdvHzjP0pfYnDubXukt/GnfZM24Y0VCjYt04VeM0kJLtMFtgm7icHif5w\nXkqvCkIrn3fhxTI4PGTZspHI2Yj4vk+nWzVC/R6Sd7D9phvRgvRdMR+xbhM9a1I9\nMxCT7wIYnWALwESpdjL73L9CUw7j8IJw4SZwBpgHclOJdttlpjrfTYeekQikIYeA\nrEM8SYyU5ZHMZL5p/Omb+KpiaTphJqeHUbJs5KpSL8pXUOgH1mCnrYp8UQiLJdKg\nYeZZx4Wl8GZ0SVuz+brLG+CdXI+cwwIDAQABAoICAFq0h78bx61JVUz+nu/1Jdqt\nsfNaBa7prWMpewWUoE7+6GQXGoYqm+zaIsdzMnW4w2mxxJ4o9Vh2bXxyWyT21QEb\nNqNdhyNNByWa8MSLYARw3znMuarCiR/yJDH4xpcOQi+kuWXeFJIdAGpzZNE6BnwP\ng88TI15CFn2jdsUiWuIiBBiu7J1BT18garID8aCmStyRfZJnl3DbnEB+O0okaSu3\nUpzpnUcBPU8DCjfKrlrEITnnkTnKdqOBzSCd9hMOQWfAJ3Ff+0MhYlCW6aS0LjI7\nQgqlQZvq3/iEUnnuGE3Z2comJp1XgAFHsDlBTxfUUR9UaDArrwnNoEjYxyw7V4U3\nSH+4MF8BRqrHot5f7IWM3M2xJqzWsz4OVW3A9r9g/1sTiDtXmcx53t2n7Gk0M9Cn\nYFh3AQEi9pdflBrayLL/IjI6IzeYP5Ep2CmAspRjdLQIrGSu1vbTadY56Ul7NdmY\ncsyCnzeevh7zZhj0tnZs5CxtanwrwNephAzzGmMyj0Sxg6bdVsa16zVRUSWtbaAp\nO7ebpTQeAepFL7IvH+l/kPnD4G3Xui8mtJGBTIPN+N16UYLheTMXFcHv3iBhsFtl\nyemSw4NmwM2vraLn8ZHczWkgWwbBfoEdpzvg/JVHmAkFB9oGQBCmCE2gN4LCw+2D\nXRsae2VpIieFbglF7anZAoIBAQDZrFQrxn6LgA2AZ6NMPNO5c1d96bEv3fYcEHvY\nao4sjUfew2okanLalDkrc42Wluu/axm5TGACjd8k+9mNBMemQGwj4v3WVq90uZzD\nkC6ioM/W3U40fey4H6aPD8NOcNjdBYMV93XAxVt3bhcdfGKMOviPajmxHUAsZ/9R\nQ9QPQonWPyp4Kgb0dGMYXOUFn1uuqQgEooKTcaGCD/PUrTj6eSVLLkEZdUtgKf3Z\nWQv/IckL4FnNGU6IdnSWHdg1W7NIOdTxQ3wYcvMr4Kh2hkOrYfMT9DKntpUOaL83\nuEonT1p7TQ/C+7/o3iQ/VLGzOMrDsza38pfo0EY4tOu5K51PAoIBAQDR4Kv5LLMF\n6ojy6ak6GUQp7trYFfyedKQEPl5a/uPmemk4/JD1FGX/ce472Uuu7P27zrFgliQ8\nDWeef6vx1s0zK0IMFBwY3CIh/hATY2RMC6BORV3iT14rZ6P6OYD1xsnWsbAowcNK\nR1bPVPAfwsEhPO9mjLSLEcO1cTq2Y4L5X8zRDIeJe+YYarAtgvWeSLoZBcfosWDE\nyG+/uMGqKb7yTDURyI2LbyYmYFqvWKRhHpvuNz+T+KT5wyZ+3QiI6EV3dg0aRysk\nGkfPRodYNoqTuU12d0rvFYx7cNhWO9fP34E3bavFqq2qNxRP9s8EkDzGFVKNN+UP\nNKUfQa7y3vRNAoIBAHEOb51Y+GsONHUH3yn+wd0likDMuwnomCZVbW2nUnbTXovW\nJXAKleLvb44g815Ovt1qDC9Q+uD4vPihkooK/INeHIy7HipQVcsjiMeOQJqZOboY\nscDT0rqDPeg6QK+iLxEFBuPG5rMcDnjGhlz7ONgq3OToQFS8o5Ms5NBZkW/nmF3d\n6voEoh4fwURrI0y7S0w5YP+/RGC+eStri7Jf0iNN/s/Ak3Fcmay1wrI77N4ztw9j\nFGFRjpeUJtO9Zom4OjL+TpqM+YxdT+3vPrBo5gbC1hT8Fb9ENsEIKKERJ/qo3Y8D\nJHeaeD/D+UGnhLBYhAAHOhlqd/olCwPy/Cft/kMCggEABcfHVMSLZbVQ8kfHNmdt\nvi3q7xqj64VQ4yEInj747ecfMMecAnP+Xyu3IQTaFcZHMr39mqhn9RN1cCMaDD4b\nRraBSi3fnDur4P3LWY1aPNHxJ1a3wDzpXg6rsH+W8q337ybTsDut8kTGuk0fk/Bc\nO1sfSNbFPjNODZhBwrY47D9cN8G9lebIrpF5qrc5ppNgNMI5AEqqXKEcms4u303p\nCWlZ6NR6OYXlKhdrR/sMA/TA3K2+3Ydym8JpNANIceTbzO9+auPc51Cl+6p4ndBa\nvrjSzll4wd75EIlKHA3n4rzIJUuq+HW79L0xnQYyK3EBi38Y1/TbJTEQ/yxi8iN7\n3QKCAQA57FKEB5tbmzk6EMa1i2j0+2Dmx9rfltiJEKC4VehXpGP5BijvbdvFMYqn\nQIcsAPuSvF9IYmsWff0e3obitQDJ8MiDwfiRenTY2DkWroUR116/0oud7dcJSsvj\nY6s4E8LXEeQGJLQI4sY9dyPJomGmX1QxQHAh28ttU9hWfZZ9RfXrbSbtxtAdAlZo\nX1ItbxVgzsc9MASG6COTZGs3cZ8SxcLiePFU91Swf8gere3egeDOcdza8XwMgtra\nA80gBTcYHKaGbAMWs2QzYsUK1UYeZsArYmFydrdgTFBIVVi1W/2pnojeH1wNjjlx\niIxHyEdJUslm2r51GZzmrlZhgt4T\n-----END PRIVATE KEY-----\n",
            "public_key_fingerprint_md5": "a7:21:94:03:25:fc:32:4b:a4:81:86:2d:66:8f:37:35",
            "public_key_fingerprint_sha256": "SHA256:fJDm7jiKO6QlnksyGf38bZWZIFq4RMbimJADqXtfnJU",
            "public_key_openssh": "ssh-rsa AAAAB3NzaC1yc2EAAAADAQABAAACAQCydLm7XjPxxl2rSy7sGpLkgbrrJmUwmokIXETxpizVDprRO2NLUMORSchDnR9HJpx5IIStBSsWD/Q3u0LJUepvXAcXFGxd8c0hEeLejDJh5nelxqY5zyrs3bPHkVaSaJq7ZtPeZYJBz/TeIU1DeXI5m52WqMTvW4NIhj9QmlFjtNNcwolVwgwRrJlx7AAgpVmTuA1+i3/oSq1sgqVXVuQE8/mrU6eAqTq5YkOa3s8YW6M9kmNBpt72GOOu9fX4lCR5SJxbwZn7AnZxfQQfvQH+XdZ3/ZLNlNpQpnPc/ahnfUnI/T802gXM8/AtBBlO6g0EE8MzFQslr3XXC9u73g99G4N2m8dIPIv2+He/cG7OAZLVH1ZMVJU1FhcqmxqRX7289yjZ97ZxKTzMo+nZf8bLdvHzjP0pfYnDubXukt/GnfZM24Y0VCjYt04VeM0kJLtMFtgm7icHif5wXkqvCkIrn3fhxTI4PGTZspHI2Yj4vk+nWzVC/R6Sd7D9phvRgvRdMR+xbhM9a1I9MxCT7wIYnWALwESpdjL73L9CUw7j8IJw4SZwBpgHclOJdttlpjrfTYeekQikIYeArEM8SYyU5ZHMZL5p/Omb+KpiaTphJqeHUbJs5KpSL8pXUOgH1mCnrYp8UQiLJdKgYeZZx4Wl8GZ0SVuz+brLG+CdXI+cww==\n",
            "public_key_pem": "-----BEGIN PUBLIC KEY-----\nMIICIjANBgkqhkiG9w0BAQEFAAOCAg8AMIICCgKCAgEAsnS5u14z8cZdq0su7BqS\n5IG66yZlMJqJCFxE8aYs1Q6a0TtjS1DDkUnIQ50fRyaceSCErQUrFg/0N7tCyVHq\nb1wHFxRsXfHNIRHi3owyYeZ3pcamOc8q7N2zx5FWkmiau2bT3mWCQc/03iFNQ3ly\nOZudlqjE71uDSIY/UJpRY7TTXMKJVcIMEayZcewAIKVZk7gNfot/6EqtbIKlV1bk\nBPP5q1OngKk6uWJDmt7PGFujPZJjQabe9hjjrvX1+JQkeUicW8GZ+wJ2cX0EH70B\n/l3Wd/2SzZTaUKZz3P2oZ31JyP0/NNoFzPPwLQQZTuoNBBPDMxULJa911wvbu94P\nfRuDdpvHSDyL9vh3v3BuzgGS1R9WTFSVNRYXKpsakV+9vPco2fe2cSk8zKPp2X/G\ny3bx84z9KX2Jw7m17pLfxp32TNuGNFQo2LdOFXjNJCS7TBbYJu4nB4n+cF5KrwpC\nK5934cUyODxk2bKRyNmI+L5Pp1s1Qv0eknew/aYb0YL0XTEfsW4TPWtSPTMQk+8C\nGJ1gC8BEqXYy+9y/QlMO4/CCcOEmcAaYB3JTiXbbZaY6302HnpEIpCGHgKxDPEmM\nlOWRzGS+afzpm/iqYmk6YSanh1GybOSqUi/KV1DoB9Zgp62KfFEIiyXSoGHmWceF\npfBmdElbs/m6yxvgnVyPnMMCAwEAAQ==\n-----END PUBLIC KEY-----\n",
            "rsa_bits": 4096
          },
          "sensitive_attributes": [],
          "create_before_destroy": true
        }
      ]
    },
    {
      "module": "module.autoscalingGroups",
      "mode": "managed",
      "type": "aws_autoscaling_group",
      "name": "asg_webserver",
      "provider": "provider[\"registry.terraform.io/hashicorp/aws\"]",
      "instances": [
        {
          "schema_version": 0,
          "attributes": {
            "arn": "arn:aws:autoscaling:us-east-2:367816904393:autoScalingGroup:e9e9497b-8f8e-426a-a1f1-cb4dad2cb8b1:autoScalingGroupName/asg-ErwinSalas",
            "availability_zones": [
              "us-east-2b"
            ],
            "capacity_rebalance": false,
            "context": "",
            "default_cooldown": 300,
            "default_instance_warmup": 0,
            "desired_capacity": 1,
            "desired_capacity_type": "",
            "enabled_metrics": [],
            "force_delete": false,
            "force_delete_warm_pool": false,
            "health_check_grace_period": 300,
            "health_check_type": "EC2",
            "id": "asg-ErwinSalas",
            "initial_lifecycle_hook": [],
            "instance_refresh": [
              {
                "preferences": [
                  {
                    "auto_rollback": false,
                    "checkpoint_delay": "",
                    "checkpoint_percentages": [],
                    "instance_warmup": "",
                    "min_healthy_percentage": 50,
                    "skip_matching": false
                  }
                ],
                "strategy": "Rolling",
                "triggers": [
                  "tag"
                ]
              }
            ],
            "launch_configuration": "ErwinSalas20230506214519656700000002",
            "launch_template": [],
            "load_balancers": [],
            "max_instance_lifetime": 0,
            "max_size": 2,
            "metrics_granularity": "1Minute",
            "min_elb_capacity": null,
            "min_size": 1,
            "mixed_instances_policy": [],
            "name": "asg-ErwinSalas",
            "name_prefix": "",
            "placement_group": "",
            "predicted_capacity": 0,
            "protect_from_scale_in": false,
            "service_linked_role_arn": "arn:aws:iam::367816904393:role/aws-service-role/autoscaling.amazonaws.com/AWSServiceRoleForAutoScaling",
            "suspended_processes": [
              "Terminate"
            ],
            "tag": [
              {
                "key": "Name",
                "propagate_at_launch": true,
                "value": "ASG-ErwinSalas"
              }
            ],
            "tags": null,
            "target_group_arns": [
              "arn:aws:elasticloadbalancing:us-east-2:367816904393:targetgroup/webserverTargetGroup/a6eca17dbefccdb9"
            ],
            "termination_policies": [
              "NewestInstance"
            ],
            "timeouts": null,
            "vpc_zone_identifier": [
              "subnet-017b9fb0f4b6a24c1"
            ],
            "wait_for_capacity_timeout": "10m",
            "wait_for_elb_capacity": null,
            "warm_pool": [],
            "warm_pool_size": 0
          },
          "sensitive_attributes": [],
          "private": "eyJlMmJmYjczMC1lY2FhLTExZTYtOGY4OC0zNDM2M2JjN2M0YzAiOnsiZGVsZXRlIjo2MDAwMDAwMDAwMDAsInVwZGF0ZSI6NjAwMDAwMDAwMDAwfX0=",
          "dependencies": [
            "aws_key_pair.ec2_key",
            "data.aws_ami.ubuntu",
            "module.autoscalingGroups.aws_launch_configuration.launch_webserver",
            "module.loadBalancer.aws_lb_target_group.webserver_tg",
            "module.network.aws_subnet.private_subnet",
            "module.network.aws_vpc.vpc",
            "module.securityGroups.aws_security_group.private_sg",
            "tls_private_key.privateKey"
          ],
          "create_before_destroy": true
        }
      ]
    },
    {
      "module": "module.autoscalingGroups",
      "mode": "managed",
      "type": "aws_autoscaling_policy",
      "name": "target_tracking_webserver",
      "provider": "provider[\"registry.terraform.io/hashicorp/aws\"]",
      "instances": [
        {
          "schema_version": 0,
          "attributes": {
            "adjustment_type": "",
            "arn": "arn:aws:autoscaling:us-east-2:367816904393:scalingPolicy:3b8f2b31-eb23-4a64-ba5f-26885a921601:autoScalingGroupName/asg-ErwinSalas:policyName/CPU_Utilization",
            "autoscaling_group_name": "asg-ErwinSalas",
            "cooldown": 0,
            "enabled": true,
            "estimated_instance_warmup": 0,
            "id": "CPU_Utilization",
            "metric_aggregation_type": "",
            "min_adjustment_magnitude": 0,
            "name": "CPU_Utilization",
            "policy_type": "TargetTrackingScaling",
            "predictive_scaling_configuration": [],
            "scaling_adjustment": 0,
            "step_adjustment": [],
            "target_tracking_configuration": [
              {
                "customized_metric_specification": [],
                "disable_scale_in": false,
                "predefined_metric_specification": [
                  {
                    "predefined_metric_type": "ASGAverageCPUUtilization",
                    "resource_label": ""
                  }
                ],
                "target_value": 80
              }
            ]
          },
          "sensitive_attributes": [],
          "private": "bnVsbA==",
          "dependencies": [
            "aws_key_pair.ec2_key",
            "data.aws_ami.ubuntu",
            "module.autoscalingGroups.aws_autoscaling_group.asg_webserver",
            "module.autoscalingGroups.aws_launch_configuration.launch_webserver",
            "module.loadBalancer.aws_lb_target_group.webserver_tg",
            "module.network.aws_subnet.private_subnet",
            "module.network.aws_vpc.vpc",
            "module.securityGroups.aws_security_group.private_sg",
            "tls_private_key.privateKey"
          ]
        }
      ]
    },
    {
      "module": "module.autoscalingGroups",
      "mode": "managed",
      "type": "aws_launch_configuration",
      "name": "launch_webserver",
      "provider": "provider[\"registry.terraform.io/hashicorp/aws\"]",
      "instances": [
        {
          "schema_version": 0,
          "attributes": {
            "arn": "arn:aws:autoscaling:us-east-2:367816904393:launchConfiguration:0fc548e8-d00d-4844-8cb0-f4fe5e5b6c95:launchConfigurationName/ErwinSalas20230506214519656700000002",
            "associate_public_ip_address": false,
            "ebs_block_device": [],
            "ebs_optimized": false,
            "enable_monitoring": true,
            "ephemeral_block_device": [],
            "iam_instance_profile": "",
            "id": "ErwinSalas20230506214519656700000002",
            "image_id": "ami-0a14db46282743a66",
            "instance_type": "t3a.nano",
            "key_name": "bastionkey",
            "metadata_options": [],
            "name": "ErwinSalas20230506214519656700000002",
            "name_prefix": "ErwinSalas",
            "placement_tenancy": "",
            "root_block_device": [],
            "security_groups": [
              "sg-00ec4d3b206d3cfba"
            ],
            "spot_price": "0.016",
            "user_data": "514ad9c37ea61760da9d76ffafd585a45141d56f",
            "user_data_base64": null,
            "vpc_classic_link_id": "",
            "vpc_classic_link_security_groups": []
          },
          "sensitive_attributes": [],
          "private": "bnVsbA==",
          "dependencies": [
            "aws_key_pair.ec2_key",
            "data.aws_ami.ubuntu",
            "module.network.aws_vpc.vpc",
            "module.securityGroups.aws_security_group.private_sg",
            "tls_private_key.privateKey"
          ],
          "create_before_destroy": true
        }
      ]
    },
    {
      "module": "module.dns",
      "mode": "managed",
      "type": "aws_route53_record",
      "name": "webpage",
      "provider": "provider[\"registry.terraform.io/hashicorp/aws\"]",
      "instances": [
        {
          "schema_version": 2,
          "attributes": {
            "alias": [],
            "allow_overwrite": null,
            "cidr_routing_policy": [],
            "failover_routing_policy": [],
            "fqdn": "erwinsalas.aws-terralabs.tk",
            "geolocation_routing_policy": [],
            "health_check_id": "",
            "id": "Z033974526DV0RZRJKDDI_erwinsalas.aws-terralabs.tk_CNAME",
            "latency_routing_policy": [],
            "multivalue_answer_routing_policy": false,
            "name": "erwinsalas.aws-terralabs.tk",
            "records": [
              "webserverAlbErwinSalas-107949000.us-east-2.elb.amazonaws.com"
            ],
            "set_identifier": "",
            "ttl": 60,
            "type": "CNAME",
            "weighted_routing_policy": [],
            "zone_id": "Z033974526DV0RZRJKDDI"
          },
          "sensitive_attributes": [],
          "private": "eyJzY2hlbWFfdmVyc2lvbiI6IjIifQ==",
          "dependencies": [
            "module.dns.aws_route53_zone.main",
            "module.loadBalancer.aws_lb.webserver_alb"
          ]
        }
      ]
    },
    {
      "module": "module.dns",
      "mode": "managed",
      "type": "aws_route53_zone",
      "name": "main",
      "provider": "provider[\"registry.terraform.io/hashicorp/aws\"]",
      "instances": [
        {
          "schema_version": 0,
          "attributes": {
            "arn": "arn:aws:route53:::hostedzone/Z033974526DV0RZRJKDDI",
            "comment": "Managed by Terraform",
            "delegation_set_id": "",
            "force_destroy": false,
            "id": "Z033974526DV0RZRJKDDI",
            "name": "aws-terralabs.tk",
            "name_servers": [
              "ns-1018.awsdns-63.net",
              "ns-1059.awsdns-04.org",
              "ns-1946.awsdns-51.co.uk",
              "ns-422.awsdns-52.com"
            ],
            "primary_name_server": "ns-1946.awsdns-51.co.uk",
            "tags": {},
            "tags_all": {},
            "vpc": [],
            "zone_id": "Z033974526DV0RZRJKDDI"
          },
          "sensitive_attributes": [],
          "private": "bnVsbA=="
        }
      ]
    },
    {
      "module": "module.ec2",
      "mode": "managed",
      "type": "aws_instance",
      "name": "bastion_ec2",
      "provider": "provider[\"registry.terraform.io/hashicorp/aws\"]",
      "instances": [
        {
          "schema_version": 1,
          "attributes": {
            "ami": "ami-0a14db46282743a66",
            "arn": "arn:aws:ec2:us-east-2:367816904393:instance/i-066ae0978cc012bcc",
            "associate_public_ip_address": true,
            "availability_zone": "us-east-2a",
            "capacity_reservation_specification": [
              {
                "capacity_reservation_preference": "open",
                "capacity_reservation_target": []
              }
            ],
            "cpu_core_count": 1,
            "cpu_options": [
              {
                "amd_sev_snp": "",
                "core_count": 1,
                "threads_per_core": 2
              }
            ],
            "cpu_threads_per_core": 2,
            "credit_specification": [
              {
                "cpu_credits": "unlimited"
              }
            ],
            "disable_api_stop": false,
            "disable_api_termination": false,
            "ebs_block_device": [],
            "ebs_optimized": false,
            "enclave_options": [
              {
                "enabled": false
              }
            ],
            "ephemeral_block_device": [],
            "get_password_data": false,
            "hibernation": false,
            "host_id": "",
            "host_resource_group_arn": null,
            "iam_instance_profile": "",
            "id": "i-066ae0978cc012bcc",
            "instance_initiated_shutdown_behavior": "stop",
            "instance_state": "running",
            "instance_type": "t3a.nano",
            "ipv6_address_count": 0,
            "ipv6_addresses": [],
            "key_name": "bastionkey",
            "launch_template": [],
            "maintenance_options": [
              {
                "auto_recovery": "default"
              }
            ],
            "metadata_options": [
              {
                "http_endpoint": "enabled",
                "http_put_response_hop_limit": 1,
                "http_tokens": "optional",
                "instance_metadata_tags": "disabled"
              }
            ],
            "monitoring": false,
            "network_interface": [],
            "outpost_arn": "",
            "password_data": "",
            "placement_group": "",
            "placement_partition_number": 0,
            "primary_network_interface_id": "eni-009e5777746dd9ef0",
            "private_dns": "ip-10-0-1-133.us-east-2.compute.internal",
            "private_dns_name_options": [
              {
                "enable_resource_name_dns_a_record": false,
                "enable_resource_name_dns_aaaa_record": false,
                "hostname_type": "ip-name"
              }
            ],
            "private_ip": "10.0.1.133",
            "public_dns": "",
            "public_ip": "3.17.75.183",
            "root_block_device": [
              {
                "delete_on_termination": true,
                "device_name": "/dev/sda1",
                "encrypted": false,
                "iops": 100,
                "kms_key_id": "",
                "tags": {},
                "throughput": 0,
                "volume_id": "vol-0306fbdfe7bf96290",
                "volume_size": 8,
                "volume_type": "gp2"
              }
            ],
            "secondary_private_ips": [],
            "security_groups": [],
            "source_dest_check": true,
            "subnet_id": "subnet-0a2b74b35d8ed3c83",
            "tags": {
              "Name": "bastion-ErwinSalas"
            },
            "tags_all": {
              "Name": "bastion-ErwinSalas"
            },
            "tenancy": "default",
            "timeouts": null,
            "user_data": null,
            "user_data_base64": null,
            "user_data_replace_on_change": false,
            "volume_tags": null,
            "vpc_security_group_ids": [
              "sg-0f145ee07cd403d06"
            ]
          },
          "sensitive_attributes": [],
          "private": "eyJlMmJmYjczMC1lY2FhLTExZTYtOGY4OC0zNDM2M2JjN2M0YzAiOnsiY3JlYXRlIjo2MDAwMDAwMDAwMDAsImRlbGV0ZSI6MTIwMDAwMDAwMDAwMCwidXBkYXRlIjo2MDAwMDAwMDAwMDB9LCJzY2hlbWFfdmVyc2lvbiI6IjEifQ==",
          "dependencies": [
            "aws_key_pair.ec2_key",
            "data.aws_ami.ubuntu",
            "module.network.aws_subnet.public_subnet_a",
            "module.network.aws_vpc.vpc",
            "module.securityGroups.aws_security_group.bastion_sg",
            "tls_private_key.privateKey"
          ]
        }
      ]
    },
    {
      "module": "module.loadBalancer",
      "mode": "managed",
      "type": "aws_lb",
      "name": "webserver_alb",
      "provider": "provider[\"registry.terraform.io/hashicorp/aws\"]",
      "instances": [
        {
          "schema_version": 0,
          "attributes": {
            "access_logs": [
              {
                "bucket": "",
                "enabled": false,
                "prefix": ""
              }
            ],
            "arn": "arn:aws:elasticloadbalancing:us-east-2:367816904393:loadbalancer/app/webserverAlbErwinSalas/5fe5c6efb2834a0e",
            "arn_suffix": "app/webserverAlbErwinSalas/5fe5c6efb2834a0e",
            "customer_owned_ipv4_pool": "",
            "desync_mitigation_mode": "defensive",
            "dns_name": "webserverAlbErwinSalas-107949000.us-east-2.elb.amazonaws.com",
            "drop_invalid_header_fields": false,
            "enable_cross_zone_load_balancing": true,
            "enable_deletion_protection": false,
            "enable_http2": true,
            "enable_tls_version_and_cipher_suite_headers": false,
            "enable_waf_fail_open": false,
            "enable_xff_client_port": false,
            "id": "arn:aws:elasticloadbalancing:us-east-2:367816904393:loadbalancer/app/webserverAlbErwinSalas/5fe5c6efb2834a0e",
            "idle_timeout": 60,
            "internal": false,
            "ip_address_type": "ipv4",
            "load_balancer_type": "application",
            "name": "webserverAlbErwinSalas",
            "name_prefix": null,
            "preserve_host_header": false,
            "security_groups": [
              "sg-01b64870a729d78ba"
            ],
            "subnet_mapping": [
              {
                "allocation_id": "",
                "ipv6_address": "",
                "outpost_id": "",
                "private_ipv4_address": "",
                "subnet_id": "subnet-0a010b7e1c2b151b9"
              },
              {
                "allocation_id": "",
                "ipv6_address": "",
                "outpost_id": "",
                "private_ipv4_address": "",
                "subnet_id": "subnet-0a2b74b35d8ed3c83"
              }
            ],
            "subnets": [
              "subnet-0a010b7e1c2b151b9",
              "subnet-0a2b74b35d8ed3c83"
            ],
            "tags": {},
            "tags_all": {},
            "timeouts": null,
            "vpc_id": "vpc-0a0fd8a8b2b267f1b",
            "xff_header_processing_mode": "append",
            "zone_id": "Z3AADJGX6KTTL2"
          },
          "sensitive_attributes": [],
          "private": "eyJlMmJmYjczMC1lY2FhLTExZTYtOGY4OC0zNDM2M2JjN2M0YzAiOnsiY3JlYXRlIjo2MDAwMDAwMDAwMDAsImRlbGV0ZSI6NjAwMDAwMDAwMDAwLCJ1cGRhdGUiOjYwMDAwMDAwMDAwMH19",
          "dependencies": [
            "module.network.aws_subnet.public_subnet_a",
            "module.network.aws_subnet.public_subnet_b",
            "module.network.aws_vpc.vpc",
            "module.securityGroups.aws_security_group.public_sg"
          ]
        }
      ]
    },
    {
      "module": "module.loadBalancer",
      "mode": "managed",
      "type": "aws_lb_listener",
      "name": "listener_80_webserver",
      "provider": "provider[\"registry.terraform.io/hashicorp/aws\"]",
      "instances": [
        {
          "schema_version": 0,
          "attributes": {
            "alpn_policy": null,
            "arn": "arn:aws:elasticloadbalancing:us-east-2:367816904393:listener/app/webserverAlbErwinSalas/5fe5c6efb2834a0e/65c5a227734f919b",
            "certificate_arn": null,
            "default_action": [
              {
                "authenticate_cognito": [],
                "authenticate_oidc": [],
                "fixed_response": [],
                "forward": [],
                "order": 1,
                "redirect": [],
                "target_group_arn": "arn:aws:elasticloadbalancing:us-east-2:367816904393:targetgroup/webserverTargetGroup/a6eca17dbefccdb9",
                "type": "forward"
              }
            ],
            "id": "arn:aws:elasticloadbalancing:us-east-2:367816904393:listener/app/webserverAlbErwinSalas/5fe5c6efb2834a0e/65c5a227734f919b",
            "load_balancer_arn": "arn:aws:elasticloadbalancing:us-east-2:367816904393:loadbalancer/app/webserverAlbErwinSalas/5fe5c6efb2834a0e",
            "port": 80,
            "protocol": "HTTP",
            "ssl_policy": "",
            "tags": {},
            "tags_all": {},
            "timeouts": null
          },
          "sensitive_attributes": [],
          "private": "eyJlMmJmYjczMC1lY2FhLTExZTYtOGY4OC0zNDM2M2JjN2M0YzAiOnsicmVhZCI6NjAwMDAwMDAwMDAwfX0=",
          "dependencies": [
            "module.loadBalancer.aws_lb.webserver_alb",
            "module.loadBalancer.aws_lb_target_group.webserver_tg",
            "module.network.aws_subnet.public_subnet_a",
            "module.network.aws_subnet.public_subnet_b",
            "module.network.aws_vpc.vpc",
            "module.securityGroups.aws_security_group.public_sg"
          ]
        }
      ]
    },
    {
      "module": "module.loadBalancer",
      "mode": "managed",
      "type": "aws_lb_target_group",
      "name": "webserver_tg",
      "provider": "provider[\"registry.terraform.io/hashicorp/aws\"]",
      "instances": [
        {
          "schema_version": 0,
          "attributes": {
            "arn": "arn:aws:elasticloadbalancing:us-east-2:367816904393:targetgroup/webserverTargetGroup/a6eca17dbefccdb9",
            "arn_suffix": "targetgroup/webserverTargetGroup/a6eca17dbefccdb9",
            "connection_termination": false,
            "deregistration_delay": "300",
            "health_check": [
              {
                "enabled": true,
                "healthy_threshold": 5,
                "interval": 30,
                "matcher": "200",
                "path": "/",
                "port": "traffic-port",
                "protocol": "HTTP",
                "timeout": 5,
                "unhealthy_threshold": 2
              }
            ],
            "id": "arn:aws:elasticloadbalancing:us-east-2:367816904393:targetgroup/webserverTargetGroup/a6eca17dbefccdb9",
            "ip_address_type": "ipv4",
            "lambda_multi_value_headers_enabled": false,
            "load_balancing_algorithm_type": "round_robin",
            "load_balancing_cross_zone_enabled": "use_load_balancer_configuration",
            "name": "webserverTargetGroup",
            "name_prefix": null,
            "port": 80,
            "preserve_client_ip": null,
            "protocol": "HTTP",
            "protocol_version": "HTTP1",
            "proxy_protocol_v2": false,
            "slow_start": 0,
            "stickiness": [
              {
                "cookie_duration": 86400,
                "cookie_name": "",
                "enabled": false,
                "type": "lb_cookie"
              }
            ],
            "tags": {},
            "tags_all": {},
            "target_failover": [
              {
                "on_deregistration": null,
                "on_unhealthy": null
              }
            ],
            "target_type": "instance",
            "vpc_id": "vpc-0a0fd8a8b2b267f1b"
          },
          "sensitive_attributes": [],
          "private": "bnVsbA==",
          "dependencies": [
            "module.network.aws_vpc.vpc"
          ],
          "create_before_destroy": true
        }
      ]
    },
    {
      "module": "module.network",
      "mode": "managed",
      "type": "aws_eip",
      "name": "nat_elastic_ip",
      "provider": "provider[\"registry.terraform.io/hashicorp/aws\"]",
      "instances": [
        {
          "schema_version": 0,
          "attributes": {
            "address": null,
            "allocation_id": "eipalloc-0e221f2510dddaf09",
            "associate_with_private_ip": null,
            "association_id": "eipassoc-07f9b030687df31fe",
            "carrier_ip": "",
            "customer_owned_ip": "",
            "customer_owned_ipv4_pool": "",
            "domain": "vpc",
            "id": "eipalloc-0e221f2510dddaf09",
            "instance": "",
            "network_border_group": "us-east-2",
            "network_interface": "eni-05c6718a3cfe97b32",
            "private_dns": "ip-10-0-1-241.us-east-2.compute.internal",
            "private_ip": "10.0.1.241",
            "public_dns": "ec2-3-128-13-0.us-east-2.compute.amazonaws.com",
            "public_ip": "3.128.13.0",
            "public_ipv4_pool": "amazon",
            "tags": {},
            "tags_all": {},
            "timeouts": null,
            "vpc": true
          },
          "sensitive_attributes": [],
          "private": "eyJlMmJmYjczMC1lY2FhLTExZTYtOGY4OC0zNDM2M2JjN2M0YzAiOnsiZGVsZXRlIjoxODAwMDAwMDAwMDAsInJlYWQiOjkwMDAwMDAwMDAwMCwidXBkYXRlIjozMDAwMDAwMDAwMDB9fQ=="
        }
      ]
    },
    {
      "module": "module.network",
      "mode": "managed",
      "type": "aws_internet_gateway",
      "name": "igw",
      "provider": "provider[\"registry.terraform.io/hashicorp/aws\"]",
      "instances": [
        {
          "schema_version": 0,
          "attributes": {
            "arn": "arn:aws:ec2:us-east-2:367816904393:internet-gateway/igw-005e64b1090873ae4",
            "id": "igw-005e64b1090873ae4",
            "owner_id": "367816904393",
            "tags": {},
            "tags_all": {},
            "timeouts": null,
            "vpc_id": "vpc-0a0fd8a8b2b267f1b"
          },
          "sensitive_attributes": [],
          "private": "eyJlMmJmYjczMC1lY2FhLTExZTYtOGY4OC0zNDM2M2JjN2M0YzAiOnsiY3JlYXRlIjoxMjAwMDAwMDAwMDAwLCJkZWxldGUiOjEyMDAwMDAwMDAwMDAsInVwZGF0ZSI6MTIwMDAwMDAwMDAwMH19",
          "dependencies": [
            "module.network.aws_vpc.vpc"
          ]
        }
      ]
    },
    {
      "module": "module.network",
      "mode": "managed",
      "type": "aws_nat_gateway",
      "name": "ngw",
      "provider": "provider[\"registry.terraform.io/hashicorp/aws\"]",
      "instances": [
        {
          "schema_version": 0,
          "attributes": {
            "allocation_id": "eipalloc-0e221f2510dddaf09",
            "association_id": "eipassoc-07f9b030687df31fe",
            "connectivity_type": "public",
            "id": "nat-0877bdd6ab605bd6e",
            "network_interface_id": "eni-05c6718a3cfe97b32",
            "private_ip": "10.0.1.241",
            "public_ip": "3.128.13.0",
            "subnet_id": "subnet-0a2b74b35d8ed3c83",
            "tags": {},
            "tags_all": {}
          },
          "sensitive_attributes": [],
          "private": "bnVsbA==",
          "dependencies": [
            "module.network.aws_eip.nat_elastic_ip",
            "module.network.aws_internet_gateway.igw",
            "module.network.aws_subnet.public_subnet_a",
            "module.network.aws_vpc.vpc"
          ]
        }
      ]
    },
    {
      "module": "module.network",
      "mode": "managed",
      "type": "aws_route",
      "name": "publicRoute",
      "provider": "provider[\"registry.terraform.io/hashicorp/aws\"]",
      "instances": [
        {
          "schema_version": 0,
          "attributes": {
            "carrier_gateway_id": "",
            "core_network_arn": "",
            "destination_cidr_block": "0.0.0.0/0",
            "destination_ipv6_cidr_block": "",
            "destination_prefix_list_id": "",
            "egress_only_gateway_id": "",
            "gateway_id": "igw-005e64b1090873ae4",
            "id": "r-rtb-08ca0efeadf5000241080289494",
            "instance_id": "",
            "instance_owner_id": "",
            "local_gateway_id": "",
            "nat_gateway_id": "",
            "network_interface_id": "",
            "origin": "CreateRoute",
            "route_table_id": "rtb-08ca0efeadf500024",
            "state": "active",
            "timeouts": null,
            "transit_gateway_id": "",
            "vpc_endpoint_id": "",
            "vpc_peering_connection_id": ""
          },
          "sensitive_attributes": [],
          "private": "eyJlMmJmYjczMC1lY2FhLTExZTYtOGY4OC0zNDM2M2JjN2M0YzAiOnsiY3JlYXRlIjozMDAwMDAwMDAwMDAsImRlbGV0ZSI6MzAwMDAwMDAwMDAwLCJ1cGRhdGUiOjEyMDAwMDAwMDAwMH19",
          "dependencies": [
            "module.network.aws_internet_gateway.igw",
            "module.network.aws_route_table.rt_igw",
            "module.network.aws_vpc.vpc"
          ]
        }
      ]
    },
    {
      "module": "module.network",
      "mode": "managed",
      "type": "aws_route",
      "name": "routeNat",
      "provider": "provider[\"registry.terraform.io/hashicorp/aws\"]",
      "instances": [
        {
          "schema_version": 0,
          "attributes": {
            "carrier_gateway_id": "",
            "core_network_arn": "",
            "destination_cidr_block": "0.0.0.0/0",
            "destination_ipv6_cidr_block": "",
            "destination_prefix_list_id": "",
            "egress_only_gateway_id": "",
            "gateway_id": "",
            "id": "r-rtb-08498e501cd6fac371080289494",
            "instance_id": "",
            "instance_owner_id": "",
            "local_gateway_id": "",
            "nat_gateway_id": "nat-0877bdd6ab605bd6e",
            "network_interface_id": "",
            "origin": "CreateRoute",
            "route_table_id": "rtb-08498e501cd6fac37",
            "state": "active",
            "timeouts": null,
            "transit_gateway_id": "",
            "vpc_endpoint_id": "",
            "vpc_peering_connection_id": ""
          },
          "sensitive_attributes": [],
          "private": "eyJlMmJmYjczMC1lY2FhLTExZTYtOGY4OC0zNDM2M2JjN2M0YzAiOnsiY3JlYXRlIjozMDAwMDAwMDAwMDAsImRlbGV0ZSI6MzAwMDAwMDAwMDAwLCJ1cGRhdGUiOjEyMDAwMDAwMDAwMH19",
          "dependencies": [
            "module.network.aws_nat_gateway.ngw",
            "module.network.aws_route_table.rt_nat"
          ]
        }
      ]
    },
    {
      "module": "module.network",
      "mode": "managed",
      "type": "aws_route_table",
      "name": "rt_igw",
      "provider": "provider[\"registry.terraform.io/hashicorp/aws\"]",
      "instances": [
        {
          "schema_version": 0,
          "attributes": {
            "arn": "arn:aws:ec2:us-east-2:367816904393:route-table/rtb-08ca0efeadf500024",
            "id": "rtb-08ca0efeadf500024",
            "owner_id": "367816904393",
            "propagating_vgws": [],
            "route": [
              {
                "carrier_gateway_id": "",
                "cidr_block": "0.0.0.0/0",
                "core_network_arn": "",
                "destination_prefix_list_id": "",
                "egress_only_gateway_id": "",
                "gateway_id": "igw-005e64b1090873ae4",
                "instance_id": "",
                "ipv6_cidr_block": "",
                "local_gateway_id": "",
                "nat_gateway_id": "",
                "network_interface_id": "",
                "transit_gateway_id": "",
                "vpc_endpoint_id": "",
                "vpc_peering_connection_id": ""
              }
            ],
            "tags": {},
            "tags_all": {},
            "timeouts": null,
            "vpc_id": "vpc-0a0fd8a8b2b267f1b"
          },
          "sensitive_attributes": [],
          "private": "eyJlMmJmYjczMC1lY2FhLTExZTYtOGY4OC0zNDM2M2JjN2M0YzAiOnsiY3JlYXRlIjozMDAwMDAwMDAwMDAsImRlbGV0ZSI6MzAwMDAwMDAwMDAwLCJ1cGRhdGUiOjEyMDAwMDAwMDAwMH19",
          "dependencies": [
            "module.network.aws_internet_gateway.igw",
            "module.network.aws_vpc.vpc"
          ]
        }
      ]
    },
    {
      "module": "module.network",
      "mode": "managed",
      "type": "aws_route_table",
      "name": "rt_nat",
      "provider": "provider[\"registry.terraform.io/hashicorp/aws\"]",
      "instances": [
        {
          "schema_version": 0,
          "attributes": {
            "arn": "arn:aws:ec2:us-east-2:367816904393:route-table/rtb-08498e501cd6fac37",
            "id": "rtb-08498e501cd6fac37",
            "owner_id": "367816904393",
            "propagating_vgws": [],
            "route": [
              {
                "carrier_gateway_id": "",
                "cidr_block": "0.0.0.0/0",
                "core_network_arn": "",
                "destination_prefix_list_id": "",
                "egress_only_gateway_id": "",
                "gateway_id": "",
                "instance_id": "",
                "ipv6_cidr_block": "",
                "local_gateway_id": "",
                "nat_gateway_id": "nat-0877bdd6ab605bd6e",
                "network_interface_id": "",
                "transit_gateway_id": "",
                "vpc_endpoint_id": "",
                "vpc_peering_connection_id": ""
              }
            ],
            "tags": {},
            "tags_all": {},
            "timeouts": null,
            "vpc_id": "vpc-0a0fd8a8b2b267f1b"
          },
          "sensitive_attributes": [],
          "private": "eyJlMmJmYjczMC1lY2FhLTExZTYtOGY4OC0zNDM2M2JjN2M0YzAiOnsiY3JlYXRlIjozMDAwMDAwMDAwMDAsImRlbGV0ZSI6MzAwMDAwMDAwMDAwLCJ1cGRhdGUiOjEyMDAwMDAwMDAwMH19",
          "dependencies": [
            "module.network.aws_eip.nat_elastic_ip",
            "module.network.aws_internet_gateway.igw",
            "module.network.aws_nat_gateway.ngw",
            "module.network.aws_subnet.public_subnet_a",
            "module.network.aws_vpc.vpc"
          ]
        }
      ]
    },
    {
      "module": "module.network",
      "mode": "managed",
      "type": "aws_route_table_association",
      "name": "private_subnet_association_a",
      "provider": "provider[\"registry.terraform.io/hashicorp/aws\"]",
      "instances": [
        {
          "schema_version": 0,
          "attributes": {
            "gateway_id": "",
            "id": "rtbassoc-09a02fe6e1ea1ce1f",
            "route_table_id": "rtb-08498e501cd6fac37",
            "subnet_id": "subnet-017b9fb0f4b6a24c1",
            "timeouts": null
          },
          "sensitive_attributes": [],
          "private": "eyJlMmJmYjczMC1lY2FhLTExZTYtOGY4OC0zNDM2M2JjN2M0YzAiOnsiY3JlYXRlIjozMDAwMDAwMDAwMDAsImRlbGV0ZSI6MzAwMDAwMDAwMDAwLCJ1cGRhdGUiOjEyMDAwMDAwMDAwMH19",
          "dependencies": [
            "module.network.aws_eip.nat_elastic_ip",
            "module.network.aws_internet_gateway.igw",
            "module.network.aws_nat_gateway.ngw",
            "module.network.aws_route_table.rt_nat",
            "module.network.aws_subnet.private_subnet",
            "module.network.aws_subnet.public_subnet_a",
            "module.network.aws_vpc.vpc"
          ]
        }
      ]
    },
    {
      "module": "module.network",
      "mode": "managed",
      "type": "aws_route_table_association",
      "name": "public_subnet_association_a",
      "provider": "provider[\"registry.terraform.io/hashicorp/aws\"]",
      "instances": [
        {
          "schema_version": 0,
          "attributes": {
            "gateway_id": "",
            "id": "rtbassoc-04baef74d989b5a68",
            "route_table_id": "rtb-08ca0efeadf500024",
            "subnet_id": "subnet-0a2b74b35d8ed3c83",
            "timeouts": null
          },
          "sensitive_attributes": [],
          "private": "eyJlMmJmYjczMC1lY2FhLTExZTYtOGY4OC0zNDM2M2JjN2M0YzAiOnsiY3JlYXRlIjozMDAwMDAwMDAwMDAsImRlbGV0ZSI6MzAwMDAwMDAwMDAwLCJ1cGRhdGUiOjEyMDAwMDAwMDAwMH19",
          "dependencies": [
            "module.network.aws_internet_gateway.igw",
            "module.network.aws_route_table.rt_igw",
            "module.network.aws_subnet.public_subnet_a",
            "module.network.aws_vpc.vpc"
          ]
        }
      ]
    },
    {
      "module": "module.network",
      "mode": "managed",
      "type": "aws_route_table_association",
      "name": "public_subnet_association_b",
      "provider": "provider[\"registry.terraform.io/hashicorp/aws\"]",
      "instances": [
        {
          "schema_version": 0,
          "attributes": {
            "gateway_id": "",
            "id": "rtbassoc-0c43e0ad94aaf3929",
            "route_table_id": "rtb-08ca0efeadf500024",
            "subnet_id": "subnet-0a010b7e1c2b151b9",
            "timeouts": null
          },
          "sensitive_attributes": [],
          "private": "eyJlMmJmYjczMC1lY2FhLTExZTYtOGY4OC0zNDM2M2JjN2M0YzAiOnsiY3JlYXRlIjozMDAwMDAwMDAwMDAsImRlbGV0ZSI6MzAwMDAwMDAwMDAwLCJ1cGRhdGUiOjEyMDAwMDAwMDAwMH19",
          "dependencies": [
            "module.network.aws_internet_gateway.igw",
            "module.network.aws_route_table.rt_igw",
            "module.network.aws_subnet.public_subnet_b",
            "module.network.aws_vpc.vpc"
          ]
        }
      ]
    },
    {
      "module": "module.network",
      "mode": "managed",
      "type": "aws_subnet",
      "name": "private_subnet",
      "provider": "provider[\"registry.terraform.io/hashicorp/aws\"]",
      "instances": [
        {
          "schema_version": 1,
          "attributes": {
            "arn": "arn:aws:ec2:us-east-2:367816904393:subnet/subnet-017b9fb0f4b6a24c1",
            "assign_ipv6_address_on_creation": false,
            "availability_zone": "us-east-2b",
            "availability_zone_id": "use2-az2",
            "cidr_block": "10.0.3.0/24",
            "customer_owned_ipv4_pool": "",
            "enable_dns64": false,
            "enable_lni_at_device_index": 0,
            "enable_resource_name_dns_a_record_on_launch": false,
            "enable_resource_name_dns_aaaa_record_on_launch": false,
            "id": "subnet-017b9fb0f4b6a24c1",
            "ipv6_cidr_block": "",
            "ipv6_cidr_block_association_id": "",
            "ipv6_native": false,
            "map_customer_owned_ip_on_launch": false,
            "map_public_ip_on_launch": false,
            "outpost_arn": "",
            "owner_id": "367816904393",
            "private_dns_hostname_type_on_launch": "ip-name",
            "tags": {},
            "tags_all": {},
            "timeouts": null,
            "vpc_id": "vpc-0a0fd8a8b2b267f1b"
          },
          "sensitive_attributes": [],
          "private": "eyJlMmJmYjczMC1lY2FhLTExZTYtOGY4OC0zNDM2M2JjN2M0YzAiOnsiY3JlYXRlIjo2MDAwMDAwMDAwMDAsImRlbGV0ZSI6MTIwMDAwMDAwMDAwMH0sInNjaGVtYV92ZXJzaW9uIjoiMSJ9",
          "dependencies": [
            "module.network.aws_vpc.vpc"
          ],
          "create_before_destroy": true
        }
      ]
    },
    {
      "module": "module.network",
      "mode": "managed",
      "type": "aws_subnet",
      "name": "public_subnet_a",
      "provider": "provider[\"registry.terraform.io/hashicorp/aws\"]",
      "instances": [
        {
          "schema_version": 1,
          "attributes": {
            "arn": "arn:aws:ec2:us-east-2:367816904393:subnet/subnet-0a2b74b35d8ed3c83",
            "assign_ipv6_address_on_creation": false,
            "availability_zone": "us-east-2a",
            "availability_zone_id": "use2-az1",
            "cidr_block": "10.0.1.0/24",
            "customer_owned_ipv4_pool": "",
            "enable_dns64": false,
            "enable_lni_at_device_index": 0,
            "enable_resource_name_dns_a_record_on_launch": false,
            "enable_resource_name_dns_aaaa_record_on_launch": false,
            "id": "subnet-0a2b74b35d8ed3c83",
            "ipv6_cidr_block": "",
            "ipv6_cidr_block_association_id": "",
            "ipv6_native": false,
            "map_customer_owned_ip_on_launch": false,
            "map_public_ip_on_launch": false,
            "outpost_arn": "",
            "owner_id": "367816904393",
            "private_dns_hostname_type_on_launch": "ip-name",
            "tags": {},
            "tags_all": {},
            "timeouts": null,
            "vpc_id": "vpc-0a0fd8a8b2b267f1b"
          },
          "sensitive_attributes": [],
          "private": "eyJlMmJmYjczMC1lY2FhLTExZTYtOGY4OC0zNDM2M2JjN2M0YzAiOnsiY3JlYXRlIjo2MDAwMDAwMDAwMDAsImRlbGV0ZSI6MTIwMDAwMDAwMDAwMH0sInNjaGVtYV92ZXJzaW9uIjoiMSJ9",
          "dependencies": [
            "module.network.aws_vpc.vpc"
          ]
        }
      ]
    },
    {
      "module": "module.network",
      "mode": "managed",
      "type": "aws_subnet",
      "name": "public_subnet_b",
      "provider": "provider[\"registry.terraform.io/hashicorp/aws\"]",
      "instances": [
        {
          "schema_version": 1,
          "attributes": {
            "arn": "arn:aws:ec2:us-east-2:367816904393:subnet/subnet-0a010b7e1c2b151b9",
            "assign_ipv6_address_on_creation": false,
            "availability_zone": "us-east-2b",
            "availability_zone_id": "use2-az2",
            "cidr_block": "10.0.2.0/24",
            "customer_owned_ipv4_pool": "",
            "enable_dns64": false,
            "enable_lni_at_device_index": 0,
            "enable_resource_name_dns_a_record_on_launch": false,
            "enable_resource_name_dns_aaaa_record_on_launch": false,
            "id": "subnet-0a010b7e1c2b151b9",
            "ipv6_cidr_block": "",
            "ipv6_cidr_block_association_id": "",
            "ipv6_native": false,
            "map_customer_owned_ip_on_launch": false,
            "map_public_ip_on_launch": false,
            "outpost_arn": "",
            "owner_id": "367816904393",
            "private_dns_hostname_type_on_launch": "ip-name",
            "tags": {},
            "tags_all": {},
            "timeouts": null,
            "vpc_id": "vpc-0a0fd8a8b2b267f1b"
          },
          "sensitive_attributes": [],
          "private": "eyJlMmJmYjczMC1lY2FhLTExZTYtOGY4OC0zNDM2M2JjN2M0YzAiOnsiY3JlYXRlIjo2MDAwMDAwMDAwMDAsImRlbGV0ZSI6MTIwMDAwMDAwMDAwMH0sInNjaGVtYV92ZXJzaW9uIjoiMSJ9",
          "dependencies": [
            "module.network.aws_vpc.vpc"
          ]
        }
      ]
    },
    {
      "module": "module.network",
      "mode": "managed",
      "type": "aws_vpc",
      "name": "vpc",
      "provider": "provider[\"registry.terraform.io/hashicorp/aws\"]",
      "instances": [
        {
          "schema_version": 1,
          "attributes": {
            "arn": "arn:aws:ec2:us-east-2:367816904393:vpc/vpc-0a0fd8a8b2b267f1b",
            "assign_generated_ipv6_cidr_block": false,
            "cidr_block": "10.0.0.0/16",
            "default_network_acl_id": "acl-03d4195f4acd4ca85",
            "default_route_table_id": "rtb-0c6f7b4a00f1da2d8",
            "default_security_group_id": "sg-07820038540933084",
            "dhcp_options_id": "dopt-069c12649ebed9d9a",
            "enable_classiclink": false,
            "enable_classiclink_dns_support": false,
            "enable_dns_hostnames": false,
            "enable_dns_support": true,
            "enable_network_address_usage_metrics": false,
            "id": "vpc-0a0fd8a8b2b267f1b",
            "instance_tenancy": "default",
            "ipv4_ipam_pool_id": null,
            "ipv4_netmask_length": null,
            "ipv6_association_id": "",
            "ipv6_cidr_block": "",
            "ipv6_cidr_block_network_border_group": "",
            "ipv6_ipam_pool_id": "",
            "ipv6_netmask_length": 0,
            "main_route_table_id": "rtb-0c6f7b4a00f1da2d8",
            "owner_id": "367816904393",
            "tags": {
              "Name": "VPC - erwin ErwinSalas"
            },
            "tags_all": {
              "Name": "VPC - erwin ErwinSalas"
            }
          },
          "sensitive_attributes": [],
          "private": "eyJzY2hlbWFfdmVyc2lvbiI6IjEifQ==",
          "create_before_destroy": true
        }
      ]
    },
    {
      "module": "module.securityGroups",
      "mode": "managed",
      "type": "aws_security_group",
      "name": "bastion_sg",
      "provider": "provider[\"registry.terraform.io/hashicorp/aws\"]",
      "instances": [
        {
          "schema_version": 1,
          "attributes": {
            "arn": "arn:aws:ec2:us-east-2:367816904393:security-group/sg-0f145ee07cd403d06",
            "description": "Allow TLS inbound traffic",
            "egress": [
              {
                "cidr_blocks": [
                  "0.0.0.0/0"
                ],
                "description": "to Internet",
                "from_port": 0,
                "ipv6_cidr_blocks": [],
                "prefix_list_ids": [],
                "protocol": "-1",
                "security_groups": [],
                "self": false,
                "to_port": 0
              }
            ],
            "id": "sg-0f145ee07cd403d06",
            "ingress": [
              {
                "cidr_blocks": [
                  "0.0.0.0/0"
                ],
                "description": "TLS from VPC",
                "from_port": 22,
                "ipv6_cidr_blocks": [],
                "prefix_list_ids": [],
                "protocol": "tcp",
                "security_groups": [],
                "self": false,
                "to_port": 22
              }
            ],
            "name": "bastion_sg",
            "name_prefix": "",
            "owner_id": "367816904393",
            "revoke_rules_on_delete": false,
            "tags": {
              "Name": "Erwin"
            },
            "tags_all": {
              "Name": "Erwin"
            },
            "timeouts": null,
            "vpc_id": "vpc-0a0fd8a8b2b267f1b"
          },
          "sensitive_attributes": [],
          "private": "eyJlMmJmYjczMC1lY2FhLTExZTYtOGY4OC0zNDM2M2JjN2M0YzAiOnsiY3JlYXRlIjo2MDAwMDAwMDAwMDAsImRlbGV0ZSI6OTAwMDAwMDAwMDAwfSwic2NoZW1hX3ZlcnNpb24iOiIxIn0=",
          "dependencies": [
            "module.network.aws_vpc.vpc"
          ]
        }
      ]
    },
    {
      "module": "module.securityGroups",
      "mode": "managed",
      "type": "aws_security_group",
      "name": "private_sg",
      "provider": "provider[\"registry.terraform.io/hashicorp/aws\"]",
      "instances": [
        {
          "schema_version": 1,
          "attributes": {
            "arn": "arn:aws:ec2:us-east-2:367816904393:security-group/sg-00ec4d3b206d3cfba",
            "description": "Allow TLS inbound traffic",
            "egress": [],
            "id": "sg-00ec4d3b206d3cfba",
            "ingress": [
              {
                "cidr_blocks": [],
                "description": "Allow incoming HTTP traffic from prublic SG",
                "from_port": 80,
                "ipv6_cidr_blocks": [],
                "prefix_list_ids": [],
                "protocol": "tcp",
                "security_groups": [
                  "sg-01b64870a729d78ba"
                ],
                "self": false,
                "to_port": 80
              },
              {
                "cidr_blocks": [],
                "description": "Allow incoming HTTPs traffic from prublic SG",
                "from_port": 443,
                "ipv6_cidr_blocks": [],
                "prefix_list_ids": [],
                "protocol": "tcp",
                "security_groups": [
                  "sg-01b64870a729d78ba"
                ],
                "self": false,
                "to_port": 443
              },
              {
                "cidr_blocks": [],
                "description": "Allow incoming SSH access from Bastion SG",
                "from_port": 22,
                "ipv6_cidr_blocks": [],
                "prefix_list_ids": [],
                "protocol": "tcp",
                "security_groups": [
                  "sg-0f145ee07cd403d06"
                ],
                "self": false,
                "to_port": 22
              }
            ],
            "name": "private_sg",
            "name_prefix": "",
            "owner_id": "367816904393",
            "revoke_rules_on_delete": false,
            "tags": {
              "Name": "Erwin"
            },
            "tags_all": {
              "Name": "Erwin"
            },
            "timeouts": null,
            "vpc_id": "vpc-0a0fd8a8b2b267f1b"
          },
          "sensitive_attributes": [],
          "private": "eyJlMmJmYjczMC1lY2FhLTExZTYtOGY4OC0zNDM2M2JjN2M0YzAiOnsiY3JlYXRlIjo2MDAwMDAwMDAwMDAsImRlbGV0ZSI6OTAwMDAwMDAwMDAwfSwic2NoZW1hX3ZlcnNpb24iOiIxIn0=",
          "dependencies": [
            "module.network.aws_vpc.vpc"
          ],
          "create_before_destroy": true
        }
      ]
    },
    {
      "module": "module.securityGroups",
      "mode": "managed",
      "type": "aws_security_group",
      "name": "public_sg",
      "provider": "provider[\"registry.terraform.io/hashicorp/aws\"]",
      "instances": [
        {
          "schema_version": 1,
          "attributes": {
            "arn": "arn:aws:ec2:us-east-2:367816904393:security-group/sg-01b64870a729d78ba",
            "description": "Allow TLS inbound traffic",
            "egress": [],
            "id": "sg-01b64870a729d78ba",
            "ingress": [
              {
                "cidr_blocks": [
                  "10.0.0.0/16"
                ],
                "description": "Allow incoming HTTP traffic",
                "from_port": 443,
                "ipv6_cidr_blocks": [],
                "prefix_list_ids": [],
                "protocol": "tcp",
                "security_groups": [],
                "self": false,
                "to_port": 443
              },
              {
                "cidr_blocks": [
                  "10.0.0.0/16"
                ],
                "description": "Allow incoming HTTP traffic",
                "from_port": 80,
                "ipv6_cidr_blocks": [],
                "prefix_list_ids": [],
                "protocol": "tcp",
                "security_groups": [],
                "self": false,
                "to_port": 80
              }
            ],
            "name": "load_balancer_public",
            "name_prefix": "",
            "owner_id": "367816904393",
            "revoke_rules_on_delete": false,
            "tags": {
              "Name": "Erwin"
            },
            "tags_all": {
              "Name": "Erwin"
            },
            "timeouts": null,
            "vpc_id": "vpc-0a0fd8a8b2b267f1b"
          },
          "sensitive_attributes": [],
          "private": "eyJlMmJmYjczMC1lY2FhLTExZTYtOGY4OC0zNDM2M2JjN2M0YzAiOnsiY3JlYXRlIjo2MDAwMDAwMDAwMDAsImRlbGV0ZSI6OTAwMDAwMDAwMDAwfSwic2NoZW1hX3ZlcnNpb24iOiIxIn0=",
          "dependencies": [
            "module.network.aws_vpc.vpc"
          ]
        }
      ]
    },
    {
      "module": "module.securityGroups",
      "mode": "managed",
      "type": "aws_security_group_rule",
      "name": "http_ingress",
      "provider": "provider[\"registry.terraform.io/hashicorp/aws\"]",
      "instances": [
        {
          "schema_version": 2,
          "attributes": {
            "cidr_blocks": [
              "10.0.0.0/16"
            ],
            "description": "Allow incoming HTTP traffic",
            "from_port": 80,
            "id": "sgrule-1849199684",
            "ipv6_cidr_blocks": null,
            "prefix_list_ids": null,
            "protocol": "tcp",
            "security_group_id": "sg-01b64870a729d78ba",
            "security_group_rule_id": "sgr-06bfc41bfce593c15",
            "self": false,
            "source_security_group_id": null,
            "timeouts": null,
            "to_port": 80,
            "type": "ingress"
          },
          "sensitive_attributes": [],
          "private": "eyJlMmJmYjczMC1lY2FhLTExZTYtOGY4OC0zNDM2M2JjN2M0YzAiOnsiY3JlYXRlIjozMDAwMDAwMDAwMDB9LCJzY2hlbWFfdmVyc2lvbiI6IjIifQ==",
          "dependencies": [
            "module.network.aws_vpc.vpc",
            "module.securityGroups.aws_security_group.public_sg"
          ]
        }
      ]
    },
    {
      "module": "module.securityGroups",
      "mode": "managed",
      "type": "aws_security_group_rule",
      "name": "https_ingress",
      "provider": "provider[\"registry.terraform.io/hashicorp/aws\"]",
      "instances": [
        {
          "schema_version": 2,
          "attributes": {
            "cidr_blocks": [
              "10.0.0.0/16"
            ],
            "description": "Allow incoming HTTP traffic",
            "from_port": 443,
            "id": "sgrule-1741744133",
            "ipv6_cidr_blocks": null,
            "prefix_list_ids": null,
            "protocol": "tcp",
            "security_group_id": "sg-01b64870a729d78ba",
            "security_group_rule_id": "sgr-0cde58b0dc8b64ee9",
            "self": false,
            "source_security_group_id": null,
            "timeouts": null,
            "to_port": 443,
            "type": "ingress"
          },
          "sensitive_attributes": [],
          "private": "eyJlMmJmYjczMC1lY2FhLTExZTYtOGY4OC0zNDM2M2JjN2M0YzAiOnsiY3JlYXRlIjozMDAwMDAwMDAwMDB9LCJzY2hlbWFfdmVyc2lvbiI6IjIifQ==",
          "dependencies": [
            "module.network.aws_vpc.vpc",
            "module.securityGroups.aws_security_group.public_sg"
          ]
        }
      ]
    },
    {
      "module": "module.securityGroups",
      "mode": "managed",
      "type": "aws_security_group_rule",
      "name": "private_http_ingress",
      "provider": "provider[\"registry.terraform.io/hashicorp/aws\"]",
      "instances": [
        {
          "schema_version": 2,
          "attributes": {
            "cidr_blocks": null,
            "description": "Allow incoming HTTP traffic from prublic SG",
            "from_port": 80,
            "id": "sgrule-3110726411",
            "ipv6_cidr_blocks": null,
            "prefix_list_ids": null,
            "protocol": "tcp",
            "security_group_id": "sg-00ec4d3b206d3cfba",
            "security_group_rule_id": "sgr-0e98a86a5d53b10de",
            "self": false,
            "source_security_group_id": "sg-01b64870a729d78ba",
            "timeouts": null,
            "to_port": 80,
            "type": "ingress"
          },
          "sensitive_attributes": [],
          "private": "eyJlMmJmYjczMC1lY2FhLTExZTYtOGY4OC0zNDM2M2JjN2M0YzAiOnsiY3JlYXRlIjozMDAwMDAwMDAwMDB9LCJzY2hlbWFfdmVyc2lvbiI6IjIifQ==",
          "dependencies": [
            "module.network.aws_vpc.vpc",
            "module.securityGroups.aws_security_group.private_sg",
            "module.securityGroups.aws_security_group.public_sg"
          ]
        }
      ]
    },
    {
      "module": "module.securityGroups",
      "mode": "managed",
      "type": "aws_security_group_rule",
      "name": "private_https_ingress",
      "provider": "provider[\"registry.terraform.io/hashicorp/aws\"]",
      "instances": [
        {
          "schema_version": 2,
          "attributes": {
            "cidr_blocks": null,
            "description": "Allow incoming HTTPs traffic from prublic SG",
            "from_port": 443,
            "id": "sgrule-838629692",
            "ipv6_cidr_blocks": null,
            "prefix_list_ids": null,
            "protocol": "tcp",
            "security_group_id": "sg-00ec4d3b206d3cfba",
            "security_group_rule_id": "sgr-0b38db383bc8543e6",
            "self": false,
            "source_security_group_id": "sg-01b64870a729d78ba",
            "timeouts": null,
            "to_port": 443,
            "type": "ingress"
          },
          "sensitive_attributes": [],
          "private": "eyJlMmJmYjczMC1lY2FhLTExZTYtOGY4OC0zNDM2M2JjN2M0YzAiOnsiY3JlYXRlIjozMDAwMDAwMDAwMDB9LCJzY2hlbWFfdmVyc2lvbiI6IjIifQ==",
          "dependencies": [
            "module.network.aws_vpc.vpc",
            "module.securityGroups.aws_security_group.private_sg",
            "module.securityGroups.aws_security_group.public_sg"
          ]
        }
      ]
    },
    {
      "module": "module.securityGroups",
      "mode": "managed",
      "type": "aws_security_group_rule",
      "name": "ssh_ingress",
      "provider": "provider[\"registry.terraform.io/hashicorp/aws\"]",
      "instances": [
        {
          "schema_version": 2,
          "attributes": {
            "cidr_blocks": null,
            "description": "Allow incoming SSH access from Bastion SG",
            "from_port": 22,
            "id": "sgrule-2214624633",
            "ipv6_cidr_blocks": null,
            "prefix_list_ids": null,
            "protocol": "tcp",
            "security_group_id": "sg-00ec4d3b206d3cfba",
            "security_group_rule_id": "sgr-0e42e347fa3f12b31",
            "self": false,
            "source_security_group_id": "sg-0f145ee07cd403d06",
            "timeouts": null,
            "to_port": 22,
            "type": "ingress"
          },
          "sensitive_attributes": [],
          "private": "eyJlMmJmYjczMC1lY2FhLTExZTYtOGY4OC0zNDM2M2JjN2M0YzAiOnsiY3JlYXRlIjozMDAwMDAwMDAwMDB9LCJzY2hlbWFfdmVyc2lvbiI6IjIifQ==",
          "dependencies": [
            "module.network.aws_vpc.vpc",
            "module.securityGroups.aws_security_group.bastion_sg",
            "module.securityGroups.aws_security_group.private_sg"
          ]
        }
      ]
    }
  ],
  "check_results": null
}
